<?xml version="1.0" encoding="UTF-8" standalone="yes" ?>
<CodeBlocks_project_file>
	<FileVersion major="1" minor="6" />
	<Project>
		<Option title="bomberman" />
		<Option pch_mode="2" />
		<Option compiler="gcc" />
		<Build>
			<Target title="Debug">
				<Option output="bin/Debug/bomberman" prefix_auto="1" extension_auto="1" />
				<Option object_output="obj/Debug/" />
				<Option type="1" />
				<Option compiler="gcc" />
				<Compiler>
					<Add option="-g" />
				</Compiler>
				<Linker>
					<Add library="SDL" />
					<Add library="GL" />
					<Add library="fmodex64-4.34.00" />
				</Linker>
			</Target>
			<Target title="Release">
				<Option output="bin/Release/bomberman" prefix_auto="1" extension_auto="1" />
				<Option object_output="obj/Release/" />
				<Option type="1" />
				<Option compiler="gcc" />
				<Compiler>
					<Add option="-O2" />
				</Compiler>
				<Linker>
					<Add option="-s" />
				</Linker>
			</Target>
		</Build>
		<Compiler>
			<Add option="-Wall" />
		</Compiler>
		<Unit filename="Engine/EventEngine/EventEngine.cpp" />
		<Unit filename="Engine/EventEngine/EventEngine.h" />
		<Unit filename="Engine/EventEngine/IEventListener.h" />
		<Unit filename="Engine/Exception/ExceptionNoLoader.cpp" />
		<Unit filename="Engine/Exception/ExceptionNoLoader.h" />
		<Unit filename="Engine/GraphicEngine/Camera.cpp" />
		<Unit filename="Engine/GraphicEngine/Camera.h" />
		<Unit filename="Engine/GraphicEngine/GraphicEngine.cpp" />
		<Unit filename="Engine/GraphicEngine/GraphicEngine.h" />
		<Unit filename="Engine/GraphicEngine/Object.cpp" />
		<Unit filename="Engine/GraphicEngine/Object.h" />
		<Unit filename="Engine/GraphicEngine/ObjectData.cpp" />
		<Unit filename="Engine/GraphicEngine/ObjectData.h" />
		<Unit filename="Engine/GraphicEngine/ObjectMovable.cpp" />
		<Unit filename="Engine/GraphicEngine/ObjectMovable.h" />
		<Unit filename="Engine/GraphicEngine/OpenGL2.cpp" />
		<Unit filename="Engine/GraphicEngine/OpenGL2.h" />
		<Unit filename="Engine/GraphicEngine/Scene.cpp" />
		<Unit filename="Engine/GraphicEngine/Scene.h" />
		<Unit filename="Engine/Loader/Loader.h" />
		<Unit filename="Engine/ManagerRessource.cpp" />
		<Unit filename="Engine/ManagerRessource.h" />
		<Unit filename="Engine/Ressource.h" />
		<Unit filename="Engine/Sound.cpp" />
		<Unit filename="Engine/Sound.h" />
		<Unit filename="Engine/SoundEngine/SoundEngine.cpp" />
		<Unit filename="Engine/SoundEngine/SoundEngine.h" />
		<Unit filename="main.cpp" />
		<Extensions>
			<code_completion />
			<debugger />
		</Extensions>
	</Project>
</CodeBlocks_project_file>
